lockfileVersion: '9.0'

settings:
  autoInstallPeers: true
  excludeLinksFromLockfile: false

importers:

  .:
    dependencies:
      '@lexical/history':
        specifier: ^0.36.2
        version: 0.36.2
      '@lexical/react':
        specifier: ^0.36.2
        version: 0.36.2(react-dom@19.2.0(react@19.2.0))(react@19.2.0)(yjs@13.6.27)
      '@lexical/rich-text':
        specifier: ^0.36.2
        version: 0.36.2
      '@lexical/utils':
        specifier: ^0.36.2
        version: 0.36.2
      lexical:
        specifier: ^0.36.2
        version: 0.36.2
      react:
        specifier: ^19.2.0
        version: 19.2.0
      react-dom:
        specifier: ^19.2.0
        version: 19.2.0(react@19.2.0)
    devDependencies:
      '@types/node':
        specifier: ^22.18.8
        version: 22.18.8
      '@types/react':
        specifier: ^19.2.2
        version: 19.2.2
      '@types/react-dom':
        specifier: ^19.2.1
        version: 19.2.1(@types/react@19.2.2)
      '@vitejs/plugin-react-swc':
        specifier: ^4.1.0
        version: 4.1.0(vite@7.1.9(@types/node@22.18.8))
      typescript:
        specifier: ^5.9.3
        version: 5.9.3
      vite:
        specifier: ^7.1.9
        version: 7.1.9(@types/node@22.18.8)

packages:

  '@babel/runtime@7.28.4':
    resolution: {integrity: sha512-Q/N6JNWvIvPnLDvjlE1OUBLPQHH6l3CltCEsHIujp45zQUSSh8K+gHnaEX45yAT1nyngnINhvWtzN+Nb9D8RAQ==}
    engines: {node: '>=6.9.0'}

  '@esbuild/aix-ppc64@0.25.10':
    resolution: {integrity: sha512-0NFWnA+7l41irNuaSVlLfgNT12caWJVLzp5eAVhZ0z1qpxbockccEt3s+149rE64VUI3Ml2zt8Nv5JVc4QXTsw==}
    engines: {node: '>=18'}
    cpu: [ppc64]
    os: [aix]

  '@esbuild/android-arm64@0.25.10':
    resolution: {integrity: sha512-LSQa7eDahypv/VO6WKohZGPSJDq5OVOo3UoFR1E4t4Gj1W7zEQMUhI+lo81H+DtB+kP+tDgBp+M4oNCwp6kffg==}
    engines: {node: '>=18'}
    cpu: [arm64]
    os: [android]

  '@esbuild/android-arm@0.25.10':
    resolution: {integrity: sha512-dQAxF1dW1C3zpeCDc5KqIYuZ1tgAdRXNoZP7vkBIRtKZPYe2xVr/d3SkirklCHudW1B45tGiUlz2pUWDfbDD4w==}
    engines: {node: '>=18'}
    cpu: [arm]
    os: [android]

  '@esbuild/android-x64@0.25.10':
    resolution: {integrity: sha512-MiC9CWdPrfhibcXwr39p9ha1x0lZJ9KaVfvzA0Wxwz9ETX4v5CHfF09bx935nHlhi+MxhA63dKRRQLiVgSUtEg==}
    engines: {node: '>=18'}
    cpu: [x64]
    os: [android]

  '@esbuild/darwin-arm64@0.25.10':
    resolution: {integrity: sha512-JC74bdXcQEpW9KkV326WpZZjLguSZ3DfS8wrrvPMHgQOIEIG/sPXEN/V8IssoJhbefLRcRqw6RQH2NnpdprtMA==}
    engines: {node: '>=18'}
    cpu: [arm64]
    os: [darwin]

  '@esbuild/darwin-x64@0.25.10':
    resolution: {integrity: sha512-tguWg1olF6DGqzws97pKZ8G2L7Ig1vjDmGTwcTuYHbuU6TTjJe5FXbgs5C1BBzHbJ2bo1m3WkQDbWO2PvamRcg==}
    engines: {node: '>=18'}
    cpu: [x64]
    os: [darwin]

  '@esbuild/freebsd-arm64@0.25.10':
    resolution: {integrity: sha512-3ZioSQSg1HT2N05YxeJWYR+Libe3bREVSdWhEEgExWaDtyFbbXWb49QgPvFH8u03vUPX10JhJPcz7s9t9+boWg==}
    engines: {node: '>=18'}
    cpu: [arm64]
    os: [freebsd]

  '@esbuild/freebsd-x64@0.25.10':
    resolution: {integrity: sha512-LLgJfHJk014Aa4anGDbh8bmI5Lk+QidDmGzuC2D+vP7mv/GeSN+H39zOf7pN5N8p059FcOfs2bVlrRr4SK9WxA==}
    engines: {node: '>=18'}
    cpu: [x64]
    os: [freebsd]

  '@esbuild/linux-arm64@0.25.10':
    resolution: {integrity: sha512-5luJWN6YKBsawd5f9i4+c+geYiVEw20FVW5x0v1kEMWNq8UctFjDiMATBxLvmmHA4bf7F6hTRaJgtghFr9iziQ==}
    engines: {node: '>=18'}
    cpu: [arm64]
    os: [linux]

  '@esbuild/linux-arm@0.25.10':
    resolution: {integrity: sha512-oR31GtBTFYCqEBALI9r6WxoU/ZofZl962pouZRTEYECvNF/dtXKku8YXcJkhgK/beU+zedXfIzHijSRapJY3vg==}
    engines: {node: '>=18'}
    cpu: [arm]
    os: [linux]

  '@esbuild/linux-ia32@0.25.10':
    resolution: {integrity: sha512-NrSCx2Kim3EnnWgS4Txn0QGt0Xipoumb6z6sUtl5bOEZIVKhzfyp/Lyw4C1DIYvzeW/5mWYPBFJU3a/8Yr75DQ==}
    engines: {node: '>=18'}
    cpu: [ia32]
    os: [linux]

  '@esbuild/linux-loong64@0.25.10':
    resolution: {integrity: sha512-xoSphrd4AZda8+rUDDfD9J6FUMjrkTz8itpTITM4/xgerAZZcFW7Dv+sun7333IfKxGG8gAq+3NbfEMJfiY+Eg==}
    engines: {node: '>=18'}
    cpu: [loong64]
    os: [linux]

  '@esbuild/linux-mips64el@0.25.10':
    resolution: {integrity: sha512-ab6eiuCwoMmYDyTnyptoKkVS3k8fy/1Uvq7Dj5czXI6DF2GqD2ToInBI0SHOp5/X1BdZ26RKc5+qjQNGRBelRA==}
    engines: {node: '>=18'}
    cpu: [mips64el]
    os: [linux]

  '@esbuild/linux-ppc64@0.25.10':
    resolution: {integrity: sha512-NLinzzOgZQsGpsTkEbdJTCanwA5/wozN9dSgEl12haXJBzMTpssebuXR42bthOF3z7zXFWH1AmvWunUCkBE4EA==}
    engines: {node: '>=18'}
    cpu: [ppc64]
    os: [linux]

  '@esbuild/linux-riscv64@0.25.10':
    resolution: {integrity: sha512-FE557XdZDrtX8NMIeA8LBJX3dC2M8VGXwfrQWU7LB5SLOajfJIxmSdyL/gU1m64Zs9CBKvm4UAuBp5aJ8OgnrA==}
    engines: {node: '>=18'}
    cpu: [riscv64]
    os: [linux]

  '@esbuild/linux-s390x@0.25.10':
    resolution: {integrity: sha512-3BBSbgzuB9ajLoVZk0mGu+EHlBwkusRmeNYdqmznmMc9zGASFjSsxgkNsqmXugpPk00gJ0JNKh/97nxmjctdew==}
    engines: {node: '>=18'}
    cpu: [s390x]
    os: [linux]

  '@esbuild/linux-x64@0.25.10':
    resolution: {integrity: sha512-QSX81KhFoZGwenVyPoberggdW1nrQZSvfVDAIUXr3WqLRZGZqWk/P4T8p2SP+de2Sr5HPcvjhcJzEiulKgnxtA==}
    engines: {node: '>=18'}
    cpu: [x64]
    os: [linux]

  '@esbuild/netbsd-arm64@0.25.10':
    resolution: {integrity: sha512-AKQM3gfYfSW8XRk8DdMCzaLUFB15dTrZfnX8WXQoOUpUBQ+NaAFCP1kPS/ykbbGYz7rxn0WS48/81l9hFl3u4A==}
    engines: {node: '>=18'}
    cpu: [arm64]
    os: [netbsd]

  '@esbuild/netbsd-x64@0.25.10':
    resolution: {integrity: sha512-7RTytDPGU6fek/hWuN9qQpeGPBZFfB4zZgcz2VK2Z5VpdUxEI8JKYsg3JfO0n/Z1E/6l05n0unDCNc4HnhQGig==}
    engines: {node: '>=18'}
    cpu: [x64]
    os: [netbsd]

  '@esbuild/openbsd-arm64@0.25.10':
    resolution: {integrity: sha512-5Se0VM9Wtq797YFn+dLimf2Zx6McttsH2olUBsDml+lm0GOCRVebRWUvDtkY4BWYv/3NgzS8b/UM3jQNh5hYyw==}
    engines: {node: '>=18'}
    cpu: [arm64]
    os: [openbsd]

  '@esbuild/openbsd-x64@0.25.10':
    resolution: {integrity: sha512-XkA4frq1TLj4bEMB+2HnI0+4RnjbuGZfet2gs/LNs5Hc7D89ZQBHQ0gL2ND6Lzu1+QVkjp3x1gIcPKzRNP8bXw==}
    engines: {node: '>=18'}
    cpu: [x64]
    os: [openbsd]

  '@esbuild/openharmony-arm64@0.25.10':
    resolution: {integrity: sha512-AVTSBhTX8Y/Fz6OmIVBip9tJzZEUcY8WLh7I59+upa5/GPhh2/aM6bvOMQySspnCCHvFi79kMtdJS1w0DXAeag==}
    engines: {node: '>=18'}
    cpu: [arm64]
    os: [openharmony]

  '@esbuild/sunos-x64@0.25.10':
    resolution: {integrity: sha512-fswk3XT0Uf2pGJmOpDB7yknqhVkJQkAQOcW/ccVOtfx05LkbWOaRAtn5SaqXypeKQra1QaEa841PgrSL9ubSPQ==}
    engines: {node: '>=18'}
    cpu: [x64]
    os: [sunos]

  '@esbuild/win32-arm64@0.25.10':
    resolution: {integrity: sha512-ah+9b59KDTSfpaCg6VdJoOQvKjI33nTaQr4UluQwW7aEwZQsbMCfTmfEO4VyewOxx4RaDT/xCy9ra2GPWmO7Kw==}
    engines: {node: '>=18'}
    cpu: [arm64]
    os: [win32]

  '@esbuild/win32-ia32@0.25.10':
    resolution: {integrity: sha512-QHPDbKkrGO8/cz9LKVnJU22HOi4pxZnZhhA2HYHez5Pz4JeffhDjf85E57Oyco163GnzNCVkZK0b/n4Y0UHcSw==}
    engines: {node: '>=18'}
    cpu: [ia32]
    os: [win32]

  '@esbuild/win32-x64@0.25.10':
    resolution: {integrity: sha512-9KpxSVFCu0iK1owoez6aC/s/EdUQLDN3adTxGCqxMVhrPDj6bt5dbrHDXUuq+Bs2vATFBBrQS5vdQ/Ed2P+nbw==}
    engines: {node: '>=18'}
    cpu: [x64]
    os: [win32]

  '@floating-ui/core@1.7.3':
    resolution: {integrity: sha512-sGnvb5dmrJaKEZ+LDIpguvdX3bDlEllmv4/ClQ9awcmCZrlx5jQyyMWFM5kBI+EyNOCDDiKk8il0zeuX3Zlg/w==}

  '@floating-ui/dom@1.7.4':
    resolution: {integrity: sha512-OOchDgh4F2CchOX94cRVqhvy7b3AFb+/rQXyswmzmGakRfkMgoWVjfnLWkRirfLEfuD4ysVW16eXzwt3jHIzKA==}

  '@floating-ui/react-dom@2.1.6':
    resolution: {integrity: sha512-4JX6rEatQEvlmgU80wZyq9RT96HZJa88q8hp0pBd+LrczeDI4o6uA2M+uvxngVHo4Ihr8uibXxH6+70zhAFrVw==}
    peerDependencies:
      react: '>=16.8.0'
      react-dom: '>=16.8.0'

  '@floating-ui/react@0.27.16':
    resolution: {integrity: sha512-9O8N4SeG2z++TSM8QA/KTeKFBVCNEz/AGS7gWPJf6KFRzmRWixFRnCnkPHRDwSVZW6QPDO6uT0P2SpWNKCc9/g==}
    peerDependencies:
      react: '>=17.0.0'
      react-dom: '>=17.0.0'

  '@floating-ui/utils@0.2.10':
    resolution: {integrity: sha512-aGTxbpbg8/b5JfU1HXSrbH3wXZuLPJcNEcZQFMxLs3oSzgtVu6nFPkbbGGUvBcUjKV2YyB9Wxxabo+HEH9tcRQ==}

  '@lexical/clipboard@0.36.2':
    resolution: {integrity: sha512-l7z52jltlMz1HmJRmG7ZdxySPjheRRxdV/75QEnzalMtqfLPgh4G5IpycISjbX+95PgEaC6rXbcjPix0CyHDJg==}

  '@lexical/code@0.36.2':
    resolution: {integrity: sha512-dfS62rNo3uKwNAJQ39zC+8gYX0k8UAoW7u+JPIqx+K2VPukZlvpsPLNGft15pdWBkHc7Pv+o9gJlB6gGv+EBfA==}

  '@lexical/devtools-core@0.36.2':
    resolution: {integrity: sha512-G+XW7gR/SCx3YgX4FK9wAIn6AIOkC+j8zRPWrS3GQNZ15CE0QkwQl3IyQ7XW9KzWmdRMs6yTmTVnENFa1JLzXg==}
    peerDependencies:
      react: '>=17.x'
      react-dom: '>=17.x'

  '@lexical/dragon@0.36.2':
    resolution: {integrity: sha512-VWNjYaH74uQ8MFKkl80pTofojpEnTYSX2sgHyZmo1Lk1cKLHK25pMnWgAxPAMLQD5/RW/2PtZcK+j0Kfoe5lSQ==}

  '@lexical/extension@0.36.2':
    resolution: {integrity: sha512-NWxtqMFMzScq4Eemqp1ST2KREIfj57fUbn7qHv+mMnYgQZK4iIhrHKo5klonxi1oBURcxUZMIbdtH7MJ4BdisA==}

  '@lexical/hashtag@0.36.2':
    resolution: {integrity: sha512-WdmKtzXFcahQT3ShFDeHF6LCR5C8yvFCj3ImI09rZwICrYeonbMrzsBUxS1joBz0HQ+ufF9Tx+RxLvGWx6WxzQ==}

  '@lexical/history@0.36.2':
    resolution: {integrity: sha512-pnS36gyMWz1yq/3Z2jv0gUxjJfas5j0GZOM4rFTzDAHjRVc5q3Ua4ElwekdcLaPPGpUlcg3jghIGWa2pSeoPvA==}

  '@lexical/html@0.36.2':
    resolution: {integrity: sha512-fgqALzgKnoy93G0yFyYD4C4qJTSMZyUt4JE5kj/POFwWNOnXThIqJhQGwBvH/ibImpIfOeds2TrSr8PbStlrNg==}

  '@lexical/link@0.36.2':
    resolution: {integrity: sha512-Zb+DeHA1po8VMiOAAXsBmAHhfWmQttsUkI5oiZUmOXJruRuQ2rVr01NoxHpoEpLwHOABVNzD3PMbwov+g3c7lg==}

  '@lexical/list@0.36.2':
    resolution: {integrity: sha512-JpaIaE0lgNUrAR7iaCaIoETcCKG9EvZjM3G71VxiexTs7PltmEMq36LUlO2goafWurP7knG2rUpVnTcuSbYYeA==}

  '@lexical/mark@0.36.2':
    resolution: {integrity: sha512-n0MNXtGH+1i43hglgHjpQV0093HmIiFR7Budg2BJb8ZNzO1KZRqeXAHlA5ZzJ698FkAnS4R5bqG9tZ0JJHgAuA==}

  '@lexical/markdown@0.36.2':
    resolution: {integrity: sha512-jI4McaVKUo8ADOYNCB5LnYyxXDyOWBOofM05r42R9QIMyUxGryo43WNPMAYXzCgtHlkQv+FNles9OlQY0IlAag==}

  '@lexical/offset@0.36.2':
    resolution: {integrity: sha512-+QQNwzFW/joes3DhNINpGdEX6O5scUTs4n8pYDyM/3pWb+8oCHRaRtEmpUU9HStbdy/pK2kQ9XdztkrNvP/ilA==}

  '@lexical/overflow@0.36.2':
    resolution: {integrity: sha512-bLaEe93iZIJH5wDh6e/DTZVNz7xO7lMS5akcJW8CIwopr4I/Qv2uCvc4G1bMMHx2xM1gVxstn5rFgIUP8/Gqlg==}

  '@lexical/plain-text@0.36.2':
    resolution: {integrity: sha512-c9F/+WHl2QuXVhu+1bBVo6BIrSjCcixLe5ePKxoUpy+B7W72s3VCoAQZp+pmtPIyodDLmZAx78hZBBlzoIOeeg==}

  '@lexical/react@0.36.2':
    resolution: {integrity: sha512-mPVm1BmeuMsMpVyUplgc0btOI8+Vm9bZj4AftgfMSkvzkr8i6NkLn8LV5IlEnoRvxXkjOExwlwBwdQte5ZGvNw==}
    peerDependencies:
      react: '>=17.x'
      react-dom: '>=17.x'

  '@lexical/rich-text@0.36.2':
    resolution: {integrity: sha512-dZ7zAIv5NBrh1ApxIT9bayn96zfQHHdnT+oaqmR+q100Vo2uROeR/ZF5igeAuwYGM1Z3ZWDBvNxRKd1d6FWiZw==}

  '@lexical/selection@0.36.2':
    resolution: {integrity: sha512-n96joW3HCKBmPeESR172BxVE+m8V9SdidQm4kKb9jOZ1Ota+tnam2386TeI6795TWwgjDQJPK3HZNKcX6Gb+Bg==}

  '@lexical/table@0.36.2':
    resolution: {integrity: sha512-96rNNPiVbC65i+Jn1QzIsehCS7UVUc69ovrh9Bt4+pXDebZSdZai153Q7RUq8q3AQ5ocK4/SA2kLQfMu0grj3Q==}

  '@lexical/text@0.36.2':
    resolution: {integrity: sha512-IbbqgRdMAD6Uk9b2+qSVoy+8RVcczrz6OgXvg39+EYD+XEC7Rbw7kDTWzuNSJJpP7vxSO8YDZSaIlP5gNH3qKA==}

  '@lexical/utils@0.36.2':
    resolution: {integrity: sha512-P9+t2Ob10YNGYT/PWEER+1EqH8SAjCNRn+7SBvKbr0IdleGF2JvzbJwAWaRwZs1c18P11XdQZ779dGvWlfwBIw==}

  '@lexical/yjs@0.36.2':
    resolution: {integrity: sha512-gZ66Mw+uKXTO8KeX/hNKAinXbFg3gnNYraG76lBXCwb/Ka3q34upIY9FUeGOwGVaau3iIDQhE49I+6MugAX2FQ==}
    peerDependencies:
      yjs: '>=13.5.22'

  '@preact/signals-core@1.12.1':
    resolution: {integrity: sha512-BwbTXpj+9QutoZLQvbttRg5x3l5468qaV2kufh+51yha1c53ep5dY4kTuZR35+3pAZxpfQerGJiQqg34ZNZ6uA==}

  '@rolldown/pluginutils@1.0.0-beta.35':
    resolution: {integrity: sha512-slYrCpoxJUqzFDDNlvrOYRazQUNRvWPjXA17dAOISY3rDMxX6k8K4cj2H+hEYMHF81HO3uNd5rHVigAWRM5dSg==}

  '@rollup/rollup-android-arm-eabi@4.52.4':
    resolution: {integrity: sha512-BTm2qKNnWIQ5auf4deoetINJm2JzvihvGb9R6K/ETwKLql/Bb3Eg2H1FBp1gUb4YGbydMA3jcmQTR73q7J+GAA==}
    cpu: [arm]
    os: [android]

  '@rollup/rollup-android-arm64@4.52.4':
    resolution: {integrity: sha512-P9LDQiC5vpgGFgz7GSM6dKPCiqR3XYN1WwJKA4/BUVDjHpYsf3iBEmVz62uyq20NGYbiGPR5cNHI7T1HqxNs2w==}
    cpu: [arm64]
    os: [android]

  '@rollup/rollup-darwin-arm64@4.52.4':
    resolution: {integrity: sha512-QRWSW+bVccAvZF6cbNZBJwAehmvG9NwfWHwMy4GbWi/BQIA/laTIktebT2ipVjNncqE6GLPxOok5hsECgAxGZg==}
    cpu: [arm64]
    os: [darwin]

  '@rollup/rollup-darwin-x64@4.52.4':
    resolution: {integrity: sha512-hZgP05pResAkRJxL1b+7yxCnXPGsXU0fG9Yfd6dUaoGk+FhdPKCJ5L1Sumyxn8kvw8Qi5PvQ8ulenUbRjzeCTw==}
    cpu: [x64]
    os: [darwin]

  '@rollup/rollup-freebsd-arm64@4.52.4':
    resolution: {integrity: sha512-xmc30VshuBNUd58Xk4TKAEcRZHaXlV+tCxIXELiE9sQuK3kG8ZFgSPi57UBJt8/ogfhAF5Oz4ZSUBN77weM+mQ==}
    cpu: [arm64]
    os: [freebsd]

  '@rollup/rollup-freebsd-x64@4.52.4':
    resolution: {integrity: sha512-WdSLpZFjOEqNZGmHflxyifolwAiZmDQzuOzIq9L27ButpCVpD7KzTRtEG1I0wMPFyiyUdOO+4t8GvrnBLQSwpw==}
    cpu: [x64]
    os: [freebsd]

  '@rollup/rollup-linux-arm-gnueabihf@4.52.4':
    resolution: {integrity: sha512-xRiOu9Of1FZ4SxVbB0iEDXc4ddIcjCv2aj03dmW8UrZIW7aIQ9jVJdLBIhxBI+MaTnGAKyvMwPwQnoOEvP7FgQ==}
    cpu: [arm]
    os: [linux]

  '@rollup/rollup-linux-arm-musleabihf@4.52.4':
    resolution: {integrity: sha512-FbhM2p9TJAmEIEhIgzR4soUcsW49e9veAQCziwbR+XWB2zqJ12b4i/+hel9yLiD8pLncDH4fKIPIbt5238341Q==}
    cpu: [arm]
    os: [linux]

  '@rollup/rollup-linux-arm64-gnu@4.52.4':
    resolution: {integrity: sha512-4n4gVwhPHR9q/g8lKCyz0yuaD0MvDf7dV4f9tHt0C73Mp8h38UCtSCSE6R9iBlTbXlmA8CjpsZoujhszefqueg==}
    cpu: [arm64]
    os: [linux]

  '@rollup/rollup-linux-arm64-musl@4.52.4':
    resolution: {integrity: sha512-u0n17nGA0nvi/11gcZKsjkLj1QIpAuPFQbR48Subo7SmZJnGxDpspyw2kbpuoQnyK+9pwf3pAoEXerJs/8Mi9g==}
    cpu: [arm64]
    os: [linux]

  '@rollup/rollup-linux-loong64-gnu@4.52.4':
    resolution: {integrity: sha512-0G2c2lpYtbTuXo8KEJkDkClE/+/2AFPdPAbmaHoE870foRFs4pBrDehilMcrSScrN/fB/1HTaWO4bqw+ewBzMQ==}
    cpu: [loong64]
    os: [linux]

  '@rollup/rollup-linux-ppc64-gnu@4.52.4':
    resolution: {integrity: sha512-teSACug1GyZHmPDv14VNbvZFX779UqWTsd7KtTM9JIZRDI5NUwYSIS30kzI8m06gOPB//jtpqlhmraQ68b5X2g==}
    cpu: [ppc64]
    os: [linux]

  '@rollup/rollup-linux-riscv64-gnu@4.52.4':
    resolution: {integrity: sha512-/MOEW3aHjjs1p4Pw1Xk4+3egRevx8Ji9N6HUIA1Ifh8Q+cg9dremvFCUbOX2Zebz80BwJIgCBUemjqhU5XI5Eg==}
    cpu: [riscv64]
    os: [linux]

  '@rollup/rollup-linux-riscv64-musl@4.52.4':
    resolution: {integrity: sha512-1HHmsRyh845QDpEWzOFtMCph5Ts+9+yllCrREuBR/vg2RogAQGGBRC8lDPrPOMnrdOJ+mt1WLMOC2Kao/UwcvA==}
    cpu: [riscv64]
    os: [linux]

  '@rollup/rollup-linux-s390x-gnu@4.52.4':
    resolution: {integrity: sha512-seoeZp4L/6D1MUyjWkOMRU6/iLmCU2EjbMTyAG4oIOs1/I82Y5lTeaxW0KBfkUdHAWN7j25bpkt0rjnOgAcQcA==}
    cpu: [s390x]
    os: [linux]

  '@rollup/rollup-linux-x64-gnu@4.52.4':
    resolution: {integrity: sha512-Wi6AXf0k0L7E2gteNsNHUs7UMwCIhsCTs6+tqQ5GPwVRWMaflqGec4Sd8n6+FNFDw9vGcReqk2KzBDhCa1DLYg==}
    cpu: [x64]
    os: [linux]

  '@rollup/rollup-linux-x64-musl@4.52.4':
    resolution: {integrity: sha512-dtBZYjDmCQ9hW+WgEkaffvRRCKm767wWhxsFW3Lw86VXz/uJRuD438/XvbZT//B96Vs8oTA8Q4A0AfHbrxP9zw==}
    cpu: [x64]
    os: [linux]

  '@rollup/rollup-openharmony-arm64@4.52.4':
    resolution: {integrity: sha512-1ox+GqgRWqaB1RnyZXL8PD6E5f7YyRUJYnCqKpNzxzP0TkaUh112NDrR9Tt+C8rJ4x5G9Mk8PQR3o7Ku2RKqKA==}
    cpu: [arm64]
    os: [openharmony]

  '@rollup/rollup-win32-arm64-msvc@4.52.4':
    resolution: {integrity: sha512-8GKr640PdFNXwzIE0IrkMWUNUomILLkfeHjXBi/nUvFlpZP+FA8BKGKpacjW6OUUHaNI6sUURxR2U2g78FOHWQ==}
    cpu: [arm64]
    os: [win32]

  '@rollup/rollup-win32-ia32-msvc@4.52.4':
    resolution: {integrity: sha512-AIy/jdJ7WtJ/F6EcfOb2GjR9UweO0n43jNObQMb6oGxkYTfLcnN7vYYpG+CN3lLxrQkzWnMOoNSHTW54pgbVxw==}
    cpu: [ia32]
    os: [win32]

  '@rollup/rollup-win32-x64-gnu@4.52.4':
    resolution: {integrity: sha512-UF9KfsH9yEam0UjTwAgdK0anlQ7c8/pWPU2yVjyWcF1I1thABt6WXE47cI71pGiZ8wGvxohBoLnxM04L/wj8mQ==}
    cpu: [x64]
    os: [win32]

  '@rollup/rollup-win32-x64-msvc@4.52.4':
    resolution: {integrity: sha512-bf9PtUa0u8IXDVxzRToFQKsNCRz9qLYfR/MpECxl4mRoWYjAeFjgxj1XdZr2M/GNVpT05p+LgQOHopYDlUu6/w==}
    cpu: [x64]
    os: [win32]

  '@swc/core-darwin-arm64@1.13.5':
    resolution: {integrity: sha512-lKNv7SujeXvKn16gvQqUQI5DdyY8v7xcoO3k06/FJbHJS90zEwZdQiMNRiqpYw/orU543tPaWgz7cIYWhbopiQ==}
    engines: {node: '>=10'}
    cpu: [arm64]
    os: [darwin]

  '@swc/core-darwin-x64@1.13.5':
    resolution: {integrity: sha512-ILd38Fg/w23vHb0yVjlWvQBoE37ZJTdlLHa8LRCFDdX4WKfnVBiblsCU9ar4QTMNdeTBEX9iUF4IrbNWhaF1Ng==}
    engines: {node: '>=10'}
    cpu: [x64]
    os: [darwin]

  '@swc/core-linux-arm-gnueabihf@1.13.5':
    resolution: {integrity: sha512-Q6eS3Pt8GLkXxqz9TAw+AUk9HpVJt8Uzm54MvPsqp2yuGmY0/sNaPPNVqctCX9fu/Nu8eaWUen0si6iEiCsazQ==}
    engines: {node: '>=10'}
    cpu: [arm]
    os: [linux]

  '@swc/core-linux-arm64-gnu@1.13.5':
    resolution: {integrity: sha512-aNDfeN+9af+y+M2MYfxCzCy/VDq7Z5YIbMqRI739o8Ganz6ST+27kjQFd8Y/57JN/hcnUEa9xqdS3XY7WaVtSw==}
    engines: {node: '>=10'}
    cpu: [arm64]
    os: [linux]

  '@swc/core-linux-arm64-musl@1.13.5':
    resolution: {integrity: sha512-9+ZxFN5GJag4CnYnq6apKTnnezpfJhCumyz0504/JbHLo+Ue+ZtJnf3RhyA9W9TINtLE0bC4hKpWi8ZKoETyOQ==}
    engines: {node: '>=10'}
    cpu: [arm64]
    os: [linux]

  '@swc/core-linux-x64-gnu@1.13.5':
    resolution: {integrity: sha512-WD530qvHrki8Ywt/PloKUjaRKgstQqNGvmZl54g06kA+hqtSE2FTG9gngXr3UJxYu/cNAjJYiBifm7+w4nbHbA==}
    engines: {node: '>=10'}
    cpu: [x64]
    os: [linux]

  '@swc/core-linux-x64-musl@1.13.5':
    resolution: {integrity: sha512-Luj8y4OFYx4DHNQTWjdIuKTq2f5k6uSXICqx+FSabnXptaOBAbJHNbHT/06JZh6NRUouaf0mYXN0mcsqvkhd7Q==}
    engines: {node: '>=10'}
    cpu: [x64]
    os: [linux]

  '@swc/core-win32-arm64-msvc@1.13.5':
    resolution: {integrity: sha512-cZ6UpumhF9SDJvv4DA2fo9WIzlNFuKSkZpZmPG1c+4PFSEMy5DFOjBSllCvnqihCabzXzpn6ykCwBmHpy31vQw==}
    engines: {node: '>=10'}
    cpu: [arm64]
    os: [win32]

  '@swc/core-win32-ia32-msvc@1.13.5':
    resolution: {integrity: sha512-C5Yi/xIikrFUzZcyGj9L3RpKljFvKiDMtyDzPKzlsDrKIw2EYY+bF88gB6oGY5RGmv4DAX8dbnpRAqgFD0FMEw==}
    engines: {node: '>=10'}
    cpu: [ia32]
    os: [win32]

  '@swc/core-win32-x64-msvc@1.13.5':
    resolution: {integrity: sha512-YrKdMVxbYmlfybCSbRtrilc6UA8GF5aPmGKBdPvjrarvsmf4i7ZHGCEnLtfOMd3Lwbs2WUZq3WdMbozYeLU93Q==}
    engines: {node: '>=10'}
    cpu: [x64]
    os: [win32]

  '@swc/core@1.13.5':
    resolution: {integrity: sha512-WezcBo8a0Dg2rnR82zhwoR6aRNxeTGfK5QCD6TQ+kg3xx/zNT02s/0o+81h/3zhvFSB24NtqEr8FTw88O5W/JQ==}
    engines: {node: '>=10'}
    peerDependencies:
      '@swc/helpers': '>=0.5.17'
    peerDependenciesMeta:
      '@swc/helpers':
        optional: true

  '@swc/counter@0.1.3':
    resolution: {integrity: sha512-e2BR4lsJkkRlKZ/qCHPw9ZaSxc0MVUd7gtbtaB7aMvHeJVYe8sOB8DBZkP2DtISHGSku9sCK6T6cnY0CtXrOCQ==}

  '@swc/types@0.1.25':
    resolution: {integrity: sha512-iAoY/qRhNH8a/hBvm3zKj9qQ4oc2+3w1unPJa2XvTK3XjeLXtzcCingVPw/9e5mn1+0yPqxcBGp9Jf0pkfMb1g==}

  '@types/estree@1.0.8':
    resolution: {integrity: sha512-dWHzHa2WqEXI/O1E9OjrocMTKJl2mSrEolh1Iomrv6U+JuNwaHXsXx9bLu5gG7BUWFIN0skIQJQ/L1rIex4X6w==}

  '@types/node@22.18.8':
    resolution: {integrity: sha512-pAZSHMiagDR7cARo/cch1f3rXy0AEXwsVsVH09FcyeJVAzCnGgmYis7P3JidtTUjyadhTeSo8TgRPswstghDaw==}

  '@types/react-dom@19.2.1':
    resolution: {integrity: sha512-/EEvYBdT3BflCWvTMO7YkYBHVE9Ci6XdqZciZANQgKpaiDRGOLIlRo91jbTNRQjgPFWVaRxcYc0luVNFitz57A==}
    peerDependencies:
      '@types/react': ^19.2.0

  '@types/react@19.2.2':
    resolution: {integrity: sha512-6mDvHUFSjyT2B2yeNx2nUgMxh9LtOWvkhIU3uePn2I2oyNymUAX1NIsdgviM4CH+JSrp2D2hsMvJOkxY+0wNRA==}

  '@vitejs/plugin-react-swc@4.1.0':
    resolution: {integrity: sha512-Ff690TUck0Anlh7wdIcnsVMhofeEVgm44Y4OYdeeEEPSKyZHzDI9gfVBvySEhDfXtBp8tLCbfsVKPWEMEjq8/g==}
    engines: {node: ^20.19.0 || >=22.12.0}
    peerDependencies:
      vite: ^4 || ^5 || ^6 || ^7

  csstype@3.1.3:
    resolution: {integrity: sha512-M1uQkMl8rQK/szD0LNhtqxIPLpimGm8sOBwU7lLnCpSbTyY3yeU1Vc7l4KT5zT4s/yOxHH5O7tIuuLOCnLADRw==}

  esbuild@0.25.10:
    resolution: {integrity: sha512-9RiGKvCwaqxO2owP61uQ4BgNborAQskMR6QusfWzQqv7AZOg5oGehdY2pRJMTKuwxd1IDBP4rSbI5lHzU7SMsQ==}
    engines: {node: '>=18'}
    hasBin: true

  fdir@6.5.0:
    resolution: {integrity: sha512-tIbYtZbucOs0BRGqPJkshJUYdL+SDH7dVM8gjy+ERp3WAUjLEFJE+02kanyHtwjWOnwrKYBiwAmM0p4kLJAnXg==}
    engines: {node: '>=12.0.0'}
    peerDependencies:
      picomatch: ^3 || ^4
    peerDependenciesMeta:
      picomatch:
        optional: true

  fsevents@2.3.3:
    resolution: {integrity: sha512-5xoDfX+fL7faATnagmWPpbFtwh/R77WmMMqqHGS65C3vvB0YHrgF+B1YmZ3441tMj5n63k0212XNoJwzlhffQw==}
    engines: {node: ^8.16.0 || ^10.6.0 || >=11.0.0}
    os: [darwin]

  isomorphic.js@0.2.5:
    resolution: {integrity: sha512-PIeMbHqMt4DnUP3MA/Flc0HElYjMXArsw1qwJZcm9sqR8mq3l8NYizFMty0pWwE/tzIGH3EKK5+jes5mAr85yw==}

  lexical@0.36.2:
    resolution: {integrity: sha512-gIDJCmSAhtxD7h95WK17Nz19wCZu92Zn0p1/R45X01S/KAsLCwEtVJ2fTvIJNFTyx3QNJTuGcm5mYgRMUwq8rg==}

  lib0@0.2.114:
    resolution: {integrity: sha512-gcxmNFzA4hv8UYi8j43uPlQ7CGcyMJ2KQb5kZASw6SnAKAf10hK12i2fjrS3Cl/ugZa5Ui6WwIu1/6MIXiHttQ==}
    engines: {node: '>=16'}
    hasBin: true

  nanoid@3.3.11:
    resolution: {integrity: sha512-N8SpfPUnUp1bK+PMYW8qSWdl9U+wwNWI4QKxOYDy9JAro3WMX7p2OeVRF9v+347pnakNevPmiHhNmZ2HbFA76w==}
    engines: {node: ^10 || ^12 || ^13.7 || ^14 || >=15.0.1}
    hasBin: true

  picocolors@1.1.1:
    resolution: {integrity: sha512-xceH2snhtb5M9liqDsmEw56le376mTZkEX/jEb/RxNFyegNul7eNslCXP9FDj/Lcu0X8KEyMceP2ntpaHrDEVA==}

  picomatch@4.0.3:
    resolution: {integrity: sha512-5gTmgEY/sqK6gFXLIsQNH19lWb4ebPDLA4SdLP7dsWkIXHWlG66oPuVvXSGFPppYZz8ZDZq0dYYrbHfBCVUb1Q==}
    engines: {node: '>=12'}

  postcss@8.5.6:
    resolution: {integrity: sha512-3Ybi1tAuwAP9s0r1UQ2J4n5Y0G05bJkpUIO0/bI9MhwmD70S5aTWbXGBwxHrelT+XM1k6dM0pk+SwNkpTRN7Pg==}
    engines: {node: ^10 || ^12 || >=14}

  prismjs@1.30.0:
    resolution: {integrity: sha512-DEvV2ZF2r2/63V+tK8hQvrR2ZGn10srHbXviTlcv7Kpzw8jWiNTqbVgjO3IY8RxrrOUF8VPMQQFysYYYv0YZxw==}
    engines: {node: '>=6'}

  react-dom@19.2.0:
    resolution: {integrity: sha512-UlbRu4cAiGaIewkPyiRGJk0imDN2T3JjieT6spoL2UeSf5od4n5LB/mQ4ejmxhCFT1tYe8IvaFulzynWovsEFQ==}
    peerDependencies:
      react: ^19.2.0

  react-error-boundary@6.0.0:
    resolution: {integrity: sha512-gdlJjD7NWr0IfkPlaREN2d9uUZUlksrfOx7SX62VRerwXbMY6ftGCIZua1VG1aXFNOimhISsTq+Owp725b9SiA==}
    peerDependencies:
      react: '>=16.13.1'

  react@19.2.0:
    resolution: {integrity: sha512-tmbWg6W31tQLeB5cdIBOicJDJRR2KzXsV7uSK9iNfLWQ5bIZfxuPEHp7M8wiHyHnn0DD1i7w3Zmin0FtkrwoCQ==}
    engines: {node: '>=0.10.0'}

  rollup@4.52.4:
    resolution: {integrity: sha512-CLEVl+MnPAiKh5pl4dEWSyMTpuflgNQiLGhMv8ezD5W/qP8AKvmYpCOKRRNOh7oRKnauBZ4SyeYkMS+1VSyKwQ==}
    engines: {node: '>=18.0.0', npm: '>=8.0.0'}
    hasBin: true

  scheduler@0.27.0:
    resolution: {integrity: sha512-eNv+WrVbKu1f3vbYJT/xtiF5syA5HPIMtf9IgY/nKg0sWqzAUEvqY/xm7OcZc/qafLx/iO9FgOmeSAp4v5ti/Q==}

  source-map-js@1.2.1:
    resolution: {integrity: sha512-UXWMKhLOwVKb728IUtQPXxfYU+usdybtUrK/8uGE8CQMvrhOpwvzDBwj0QhSL7MQc7vIsISBG8VQ8+IDQxpfQA==}
    engines: {node: '>=0.10.0'}

  tabbable@6.2.0:
    resolution: {integrity: sha512-Cat63mxsVJlzYvN51JmVXIgNoUokrIaT2zLclCXjRd8boZ0004U4KCs/sToJ75C6sdlByWxpYnb5Boif1VSFew==}

  tinyglobby@0.2.15:
    resolution: {integrity: sha512-j2Zq4NyQYG5XMST4cbs02Ak8iJUdxRM0XI5QyxXuZOzKOINmWurp3smXu3y5wDcJrptwpSjgXHzIQxR0omXljQ==}
    engines: {node: '>=12.0.0'}

  typescript@5.9.3:
    resolution: {integrity: sha512-jl1vZzPDinLr9eUt3J/t7V6FgNEw9QjvBPdysz9KfQDD41fQrC2Y4vKQdiaUpFT4bXlb1RHhLpp8wtm6M5TgSw==}
    engines: {node: '>=14.17'}
    hasBin: true

  undici-types@6.21.0:
    resolution: {integrity: sha512-iwDZqg0QAGrg9Rav5H4n0M64c3mkR59cJ6wQp+7C4nI0gsmExaedaYLNO44eT4AtBBwjbTiGPMlt2Md0T9H9JQ==}

  vite@7.1.9:
    resolution: {integrity: sha512-4nVGliEpxmhCL8DslSAUdxlB6+SMrhB0a1v5ijlh1xB1nEPuy1mxaHxysVucLHuWryAxLWg6a5ei+U4TLn/rFg==}
    engines: {node: ^20.19.0 || >=22.12.0}
    hasBin: true
    peerDependencies:
      '@types/node': ^20.19.0 || >=22.12.0
      jiti: '>=1.21.0'
      less: ^4.0.0
      lightningcss: ^1.21.0
      sass: ^1.70.0
      sass-embedded: ^1.70.0
      stylus: '>=0.54.8'
      sugarss: ^5.0.0
      terser: ^5.16.0
      tsx: ^4.8.1
      yaml: ^2.4.2
    peerDependenciesMeta:
      '@types/node':
        optional: true
      jiti:
        optional: true
      less:
        optional: true
      lightningcss:
        optional: true
      sass:
        optional: true
      sass-embedded:
        optional: true
      stylus:
        optional: true
      sugarss:
        optional: true
      terser:
        optional: true
      tsx:
        optional: true
      yaml:
        optional: true

  yjs@13.6.27:
    resolution: {integrity: sha512-OIDwaflOaq4wC6YlPBy2L6ceKeKuF7DeTxx+jPzv1FHn9tCZ0ZwSRnUBxD05E3yed46fv/FWJbvR+Ud7x0L7zw==}
    engines: {node: '>=16.0.0', npm: '>=8.0.0'}

snapshots:

  '@babel/runtime@7.28.4': {}

  '@esbuild/aix-ppc64@0.25.10':
    optional: true

  '@esbuild/android-arm64@0.25.10':
    optional: true

  '@esbuild/android-arm@0.25.10':
    optional: true

  '@esbuild/android-x64@0.25.10':
    optional: true

  '@esbuild/darwin-arm64@0.25.10':
    optional: true

  '@esbuild/darwin-x64@0.25.10':
    optional: true

  '@esbuild/freebsd-arm64@0.25.10':
    optional: true

  '@esbuild/freebsd-x64@0.25.10':
    optional: true

  '@esbuild/linux-arm64@0.25.10':
    optional: true

  '@esbuild/linux-arm@0.25.10':
    optional: true

  '@esbuild/linux-ia32@0.25.10':
    optional: true

  '@esbuild/linux-loong64@0.25.10':
    optional: true

  '@esbuild/linux-mips64el@0.25.10':
    optional: true

  '@esbuild/linux-ppc64@0.25.10':
    optional: true

  '@esbuild/linux-riscv64@0.25.10':
    optional: true

  '@esbuild/linux-s390x@0.25.10':
    optional: true

  '@esbuild/linux-x64@0.25.10':
    optional: true

  '@esbuild/netbsd-arm64@0.25.10':
    optional: true

  '@esbuild/netbsd-x64@0.25.10':
    optional: true

  '@esbuild/openbsd-arm64@0.25.10':
    optional: true

  '@esbuild/openbsd-x64@0.25.10':
    optional: true

  '@esbuild/openharmony-arm64@0.25.10':
    optional: true

  '@esbuild/sunos-x64@0.25.10':
    optional: true

  '@esbuild/win32-arm64@0.25.10':
    optional: true

  '@esbuild/win32-ia32@0.25.10':
    optional: true

  '@esbuild/win32-x64@0.25.10':
    optional: true

  '@floating-ui/core@1.7.3':
    dependencies:
      '@floating-ui/utils': 0.2.10

  '@floating-ui/dom@1.7.4':
    dependencies:
      '@floating-ui/core': 1.7.3
      '@floating-ui/utils': 0.2.10

  '@floating-ui/react-dom@2.1.6(react-dom@19.2.0(react@19.2.0))(react@19.2.0)':
    dependencies:
      '@floating-ui/dom': 1.7.4
      react: 19.2.0
      react-dom: 19.2.0(react@19.2.0)

  '@floating-ui/react@0.27.16(react-dom@19.2.0(react@19.2.0))(react@19.2.0)':
    dependencies:
      '@floating-ui/react-dom': 2.1.6(react-dom@19.2.0(react@19.2.0))(react@19.2.0)
      '@floating-ui/utils': 0.2.10
      react: 19.2.0
      react-dom: 19.2.0(react@19.2.0)
      tabbable: 6.2.0

  '@floating-ui/utils@0.2.10': {}

  '@lexical/clipboard@0.36.2':
    dependencies:
      '@lexical/html': 0.36.2
      '@lexical/list': 0.36.2
      '@lexical/selection': 0.36.2
      '@lexical/utils': 0.36.2
      lexical: 0.36.2

  '@lexical/code@0.36.2':
    dependencies:
      '@lexical/utils': 0.36.2
      lexical: 0.36.2
      prismjs: 1.30.0

  '@lexical/devtools-core@0.36.2(react-dom@19.2.0(react@19.2.0))(react@19.2.0)':
    dependencies:
      '@lexical/html': 0.36.2
      '@lexical/link': 0.36.2
      '@lexical/mark': 0.36.2
      '@lexical/table': 0.36.2
      '@lexical/utils': 0.36.2
      lexical: 0.36.2
      react: 19.2.0
      react-dom: 19.2.0(react@19.2.0)

  '@lexical/dragon@0.36.2':
    dependencies:
      '@lexical/extension': 0.36.2
      lexical: 0.36.2

  '@lexical/extension@0.36.2':
    dependencies:
      '@lexical/utils': 0.36.2
      '@preact/signals-core': 1.12.1
      lexical: 0.36.2

  '@lexical/hashtag@0.36.2':
    dependencies:
      '@lexical/text': 0.36.2
      '@lexical/utils': 0.36.2
      lexical: 0.36.2

  '@lexical/history@0.36.2':
    dependencies:
      '@lexical/extension': 0.36.2
      '@lexical/utils': 0.36.2
      lexical: 0.36.2

  '@lexical/html@0.36.2':
    dependencies:
      '@lexical/selection': 0.36.2
      '@lexical/utils': 0.36.2
      lexical: 0.36.2

  '@lexical/link@0.36.2':
    dependencies:
      '@lexical/extension': 0.36.2
      '@lexical/utils': 0.36.2
      lexical: 0.36.2

  '@lexical/list@0.36.2':
    dependencies:
      '@lexical/extension': 0.36.2
      '@lexical/selection': 0.36.2
      '@lexical/utils': 0.36.2
      lexical: 0.36.2

  '@lexical/mark@0.36.2':
    dependencies:
      '@lexical/utils': 0.36.2
      lexical: 0.36.2

  '@lexical/markdown@0.36.2':
    dependencies:
      '@lexical/code': 0.36.2
      '@lexical/link': 0.36.2
      '@lexical/list': 0.36.2
      '@lexical/rich-text': 0.36.2
      '@lexical/text': 0.36.2
      '@lexical/utils': 0.36.2
      lexical: 0.36.2

  '@lexical/offset@0.36.2':
    dependencies:
      lexical: 0.36.2

  '@lexical/overflow@0.36.2':
    dependencies:
      lexical: 0.36.2

  '@lexical/plain-text@0.36.2':
    dependencies:
      '@lexical/clipboard': 0.36.2
      '@lexical/dragon': 0.36.2
      '@lexical/selection': 0.36.2
      '@lexical/utils': 0.36.2
      lexical: 0.36.2

  '@lexical/react@0.36.2(react-dom@19.2.0(react@19.2.0))(react@19.2.0)(yjs@13.6.27)':
    dependencies:
      '@floating-ui/react': 0.27.16(react-dom@19.2.0(react@19.2.0))(react@19.2.0)
      '@lexical/devtools-core': 0.36.2(react-dom@19.2.0(react@19.2.0))(react@19.2.0)
      '@lexical/dragon': 0.36.2
      '@lexical/extension': 0.36.2
      '@lexical/hashtag': 0.36.2
      '@lexical/history': 0.36.2
      '@lexical/link': 0.36.2
      '@lexical/list': 0.36.2
      '@lexical/mark': 0.36.2
      '@lexical/markdown': 0.36.2
      '@lexical/overflow': 0.36.2
      '@lexical/plain-text': 0.36.2
      '@lexical/rich-text': 0.36.2
      '@lexical/table': 0.36.2
      '@lexical/text': 0.36.2
      '@lexical/utils': 0.36.2
      '@lexical/yjs': 0.36.2(yjs@13.6.27)
      lexical: 0.36.2
      react: 19.2.0
      react-dom: 19.2.0(react@19.2.0)
      react-error-boundary: 6.0.0(react@19.2.0)
    transitivePeerDependencies:
      - yjs

  '@lexical/rich-text@0.36.2':
    dependencies:
      '@lexical/clipboard': 0.36.2
      '@lexical/dragon': 0.36.2
      '@lexical/selection': 0.36.2
      '@lexical/utils': 0.36.2
      lexical: 0.36.2

  '@lexical/selection@0.36.2':
    dependencies:
      lexical: 0.36.2

  '@lexical/table@0.36.2':
    dependencies:
      '@lexical/clipboard': 0.36.2
      '@lexical/extension': 0.36.2
      '@lexical/utils': 0.36.2
      lexical: 0.36.2

  '@lexical/text@0.36.2':
    dependencies:
      lexical: 0.36.2

  '@lexical/utils@0.36.2':
    dependencies:
      '@lexical/list': 0.36.2
      '@lexical/selection': 0.36.2
      '@lexical/table': 0.36.2
      lexical: 0.36.2

  '@lexical/yjs@0.36.2(yjs@13.6.27)':
    dependencies:
      '@lexical/offset': 0.36.2
      '@lexical/selection': 0.36.2
      lexical: 0.36.2
      yjs: 13.6.27

  '@preact/signals-core@1.12.1': {}

  '@rolldown/pluginutils@1.0.0-beta.35': {}

  '@rollup/rollup-android-arm-eabi@4.52.4':
    optional: true

  '@rollup/rollup-android-arm64@4.52.4':
    optional: true

  '@rollup/rollup-darwin-arm64@4.52.4':
    optional: true

  '@rollup/rollup-darwin-x64@4.52.4':
    optional: true

  '@rollup/rollup-freebsd-arm64@4.52.4':
    optional: true

  '@rollup/rollup-freebsd-x64@4.52.4':
    optional: true

  '@rollup/rollup-linux-arm-gnueabihf@4.52.4':
    optional: true

  '@rollup/rollup-linux-arm-musleabihf@4.52.4':
    optional: true

  '@rollup/rollup-linux-arm64-gnu@4.52.4':
    optional: true

  '@rollup/rollup-linux-arm64-musl@4.52.4':
    optional: true

  '@rollup/rollup-linux-loong64-gnu@4.52.4':
    optional: true

  '@rollup/rollup-linux-ppc64-gnu@4.52.4':
    optional: true

  '@rollup/rollup-linux-riscv64-gnu@4.52.4':
    optional: true

  '@rollup/rollup-linux-riscv64-musl@4.52.4':
    optional: true

  '@rollup/rollup-linux-s390x-gnu@4.52.4':
    optional: true

  '@rollup/rollup-linux-x64-gnu@4.52.4':
    optional: true

  '@rollup/rollup-linux-x64-musl@4.52.4':
    optional: true

  '@rollup/rollup-openharmony-arm64@4.52.4':
    optional: true

  '@rollup/rollup-win32-arm64-msvc@4.52.4':
    optional: true

  '@rollup/rollup-win32-ia32-msvc@4.52.4':
    optional: true

  '@rollup/rollup-win32-x64-gnu@4.52.4':
    optional: true

  '@rollup/rollup-win32-x64-msvc@4.52.4':
    optional: true

  '@swc/core-darwin-arm64@1.13.5':
    optional: true

  '@swc/core-darwin-x64@1.13.5':
    optional: true

  '@swc/core-linux-arm-gnueabihf@1.13.5':
    optional: true

  '@swc/core-linux-arm64-gnu@1.13.5':
    optional: true

  '@swc/core-linux-arm64-musl@1.13.5':
    optional: true

  '@swc/core-linux-x64-gnu@1.13.5':
    optional: true

  '@swc/core-linux-x64-musl@1.13.5':
    optional: true

  '@swc/core-win32-arm64-msvc@1.13.5':
    optional: true

  '@swc/core-win32-ia32-msvc@1.13.5':
    optional: true

  '@swc/core-win32-x64-msvc@1.13.5':
    optional: true

  '@swc/core@1.13.5':
    dependencies:
      '@swc/counter': 0.1.3
      '@swc/types': 0.1.25
    optionalDependencies:
      '@swc/core-darwin-arm64': 1.13.5
      '@swc/core-darwin-x64': 1.13.5
      '@swc/core-linux-arm-gnueabihf': 1.13.5
      '@swc/core-linux-arm64-gnu': 1.13.5
      '@swc/core-linux-arm64-musl': 1.13.5
      '@swc/core-linux-x64-gnu': 1.13.5
      '@swc/core-linux-x64-musl': 1.13.5
      '@swc/core-win32-arm64-msvc': 1.13.5
      '@swc/core-win32-ia32-msvc': 1.13.5
      '@swc/core-win32-x64-msvc': 1.13.5

  '@swc/counter@0.1.3': {}

  '@swc/types@0.1.25':
    dependencies:
      '@swc/counter': 0.1.3

  '@types/estree@1.0.8': {}

  '@types/node@22.18.8':
    dependencies:
      undici-types: 6.21.0

  '@types/react-dom@19.2.1(@types/react@19.2.2)':
    dependencies:
      '@types/react': 19.2.2

  '@types/react@19.2.2':
    dependencies:
      csstype: 3.1.3

  '@vitejs/plugin-react-swc@4.1.0(vite@7.1.9(@types/node@22.18.8))':
    dependencies:
      '@rolldown/pluginutils': 1.0.0-beta.35
      '@swc/core': 1.13.5
      vite: 7.1.9(@types/node@22.18.8)
    transitivePeerDependencies:
      - '@swc/helpers'

  csstype@3.1.3: {}

  esbuild@0.25.10:
    optionalDependencies:
      '@esbuild/aix-ppc64': 0.25.10
      '@esbuild/android-arm': 0.25.10
      '@esbuild/android-arm64': 0.25.10
      '@esbuild/android-x64': 0.25.10
      '@esbuild/darwin-arm64': 0.25.10
      '@esbuild/darwin-x64': 0.25.10
      '@esbuild/freebsd-arm64': 0.25.10
      '@esbuild/freebsd-x64': 0.25.10
      '@esbuild/linux-arm': 0.25.10
      '@esbuild/linux-arm64': 0.25.10
      '@esbuild/linux-ia32': 0.25.10
      '@esbuild/linux-loong64': 0.25.10
      '@esbuild/linux-mips64el': 0.25.10
      '@esbuild/linux-ppc64': 0.25.10
      '@esbuild/linux-riscv64': 0.25.10
      '@esbuild/linux-s390x': 0.25.10
      '@esbuild/linux-x64': 0.25.10
      '@esbuild/netbsd-arm64': 0.25.10
      '@esbuild/netbsd-x64': 0.25.10
      '@esbuild/openbsd-arm64': 0.25.10
      '@esbuild/openbsd-x64': 0.25.10
      '@esbuild/openharmony-arm64': 0.25.10
      '@esbuild/sunos-x64': 0.25.10
      '@esbuild/win32-arm64': 0.25.10
      '@esbuild/win32-ia32': 0.25.10
      '@esbuild/win32-x64': 0.25.10

  fdir@6.5.0(picomatch@4.0.3):
    optionalDependencies:
      picomatch: 4.0.3

  fsevents@2.3.3:
    optional: true

  isomorphic.js@0.2.5: {}

  lexical@0.36.2: {}

  lib0@0.2.114:
    dependencies:
      isomorphic.js: 0.2.5

  nanoid@3.3.11: {}

  picocolors@1.1.1: {}

  picomatch@4.0.3: {}

  postcss@8.5.6:
    dependencies:
      nanoid: 3.3.11
      picocolors: 1.1.1
      source-map-js: 1.2.1

  prismjs@1.30.0: {}

  react-dom@19.2.0(react@19.2.0):
    dependencies:
      react: 19.2.0
      scheduler: 0.27.0

  react-error-boundary@6.0.0(react@19.2.0):
    dependencies:
      '@babel/runtime': 7.28.4
      react: 19.2.0

  react@19.2.0: {}

  rollup@4.52.4:
    dependencies:
      '@types/estree': 1.0.8
    optionalDependencies:
      '@rollup/rollup-android-arm-eabi': 4.52.4
      '@rollup/rollup-android-arm64': 4.52.4
      '@rollup/rollup-darwin-arm64': 4.52.4
      '@rollup/rollup-darwin-x64': 4.52.4
      '@rollup/rollup-freebsd-arm64': 4.52.4
      '@rollup/rollup-freebsd-x64': 4.52.4
      '@rollup/rollup-linux-arm-gnueabihf': 4.52.4
      '@rollup/rollup-linux-arm-musleabihf': 4.52.4
      '@rollup/rollup-linux-arm64-gnu': 4.52.4
      '@rollup/rollup-linux-arm64-musl': 4.52.4
      '@rollup/rollup-linux-loong64-gnu': 4.52.4
      '@rollup/rollup-linux-ppc64-gnu': 4.52.4
      '@rollup/rollup-linux-riscv64-gnu': 4.52.4
      '@rollup/rollup-linux-riscv64-musl': 4.52.4
      '@rollup/rollup-linux-s390x-gnu': 4.52.4
      '@rollup/rollup-linux-x64-gnu': 4.52.4
      '@rollup/rollup-linux-x64-musl': 4.52.4
      '@rollup/rollup-openharmony-arm64': 4.52.4
      '@rollup/rollup-win32-arm64-msvc': 4.52.4
      '@rollup/rollup-win32-ia32-msvc': 4.52.4
      '@rollup/rollup-win32-x64-gnu': 4.52.4
      '@rollup/rollup-win32-x64-msvc': 4.52.4
      fsevents: 2.3.3

  scheduler@0.27.0: {}

  source-map-js@1.2.1: {}

  tabbable@6.2.0: {}

  tinyglobby@0.2.15:
    dependencies:
      fdir: 6.5.0(picomatch@4.0.3)
      picomatch: 4.0.3

  typescript@5.9.3: {}

  undici-types@6.21.0: {}

  vite@7.1.9(@types/node@22.18.8):
    dependencies:
      esbuild: 0.25.10
      fdir: 6.5.0(picomatch@4.0.3)
      picomatch: 4.0.3
      postcss: 8.5.6
      rollup: 4.52.4
      tinyglobby: 0.2.15
    optionalDependencies:
      '@types/node': 22.18.8
      fsevents: 2.3.3

  yjs@13.6.27:
    dependencies:
      lib0: 0.2.114
